
Microsoft Visual Studio Solution File, Format Version 12.00
# Visual Studio Version 17
VisualStudioVersion = 17.5.33424.131
MinimumVisualStudioVersion = 10.0.40219.1
Project("{FAE04EC0-301F-11D3-BF4B-00C04F79EFBC}") = "Aula 2", "Aula 2\Aula 2.csproj", "{5B158BA1-B873-4B96-97F9-D836A9FC210E}"
EndProject
Global
	GlobalSection(SolutionConfigurationPlatforms) = preSolution
		Debug|Any CPU = Debug|Any CPU
		Release|Any CPU = Release|Any CPU
	EndGlobalSection
	GlobalSection(ProjectConfigurationPlatforms) = postSolution
		{5B158BA1-B873-4B96-97F9-D836A9FC210E}.Debug|Any CPU.ActiveCfg = Debug|Any CPU
		{5B158BA1-B873-4B96-97F9-D836A9FC210E}.Debug|Any CPU.Build.0 = Debug|Any CPU
		{5B158BA1-B873-4B96-97F9-D836A9FC210E}.Release|Any CPU.ActiveCfg = Release|Any CPU
		{5B158BA1-B873-4B96-97F9-D836A9FC210E}.Release|Any CPU.Build.0 = Release|Any CPU
	EndGlobalSection
	GlobalSection(SolutionProperties) = preSolution
		HideSolutionNode = FALSE
	EndGlobalSection
	GlobalSection(ExtensibilityGlobals) = postSolution
		SolutionGuid = {362CC515-7BB7-4B97-ADBE-C9F56B8C8BCA}
	EndGlobalSection
EndGlobal
