
Microsoft Visual Studio Solution File, Format Version 12.00
# Visual Studio Version 17
VisualStudioVersion = 17.5.33424.131
MinimumVisualStudioVersion = 10.0.40219.1
Project("{FAE04EC0-301F-11D3-BF4B-00C04F79EFBC}") = "Teste ex 3", "Teste ex 3\Teste ex 3.csproj", "{52131553-01B0-4940-B430-87EF144633DF}"
EndProject
Global
	GlobalSection(SolutionConfigurationPlatforms) = preSolution
		Debug|Any CPU = Debug|Any CPU
		Release|Any CPU = Release|Any CPU
	EndGlobalSection
	GlobalSection(ProjectConfigurationPlatforms) = postSolution
		{52131553-01B0-4940-B430-87EF144633DF}.Debug|Any CPU.ActiveCfg = Debug|Any CPU
		{52131553-01B0-4940-B430-87EF144633DF}.Debug|Any CPU.Build.0 = Debug|Any CPU
		{52131553-01B0-4940-B430-87EF144633DF}.Release|Any CPU.ActiveCfg = Release|Any CPU
		{52131553-01B0-4940-B430-87EF144633DF}.Release|Any CPU.Build.0 = Release|Any CPU
	EndGlobalSection
	GlobalSection(SolutionProperties) = preSolution
		HideSolutionNode = FALSE
	EndGlobalSection
	GlobalSection(ExtensibilityGlobals) = postSolution
		SolutionGuid = {2D57A321-AADE-4D74-8C21-84D1E390CC89}
	EndGlobalSection
EndGlobal
